<?xml version="1.0" encoding="UTF-8" standalone="yes" ?>
<CodeBlocks_project_file>
	<FileVersion major="1" minor="6" />
	<Project>
		<Option title="ProjetoCodeBlocks" />
		<Option pch_mode="2" />
		<Option compiler="gcc" />
		<Build>
			<Target title="Debug">
				<Option output="bin/Debug/ProjetoCodeBlocks" prefix_auto="1" extension_auto="1" />
				<Option object_output="obj/Debug/" />
				<Option type="1" />
				<Option compiler="gcc" />
				<Compiler>
					<Add option="-Weffc++" />
					<Add option="-Wall" />
					<Add option="-std=c++11" />
					<Add option="-g" />
					<Add directory="DominiosEntidades" />
					<Add directory="Interfaces" />
					<Add directory="Stubs" />
					<Add directory="SubSistAutentic" />
					<Add directory="SubSistUser" />
					<Add directory="SubSistRide" />
					<Add directory="Containers" />
					<Add directory="SubSistInicializacao" />
				</Compiler>
			</Target>
			<Target title="Release">
				<Option output="bin/Release/ProjetoCodeBlocks" prefix_auto="1" extension_auto="1" />
				<Option object_output="obj/Release/" />
				<Option type="1" />
				<Option compiler="gcc" />
				<Compiler>
					<Add option="-O2" />
				</Compiler>
				<Linker>
					<Add option="-s" />
				</Linker>
			</Target>
		</Build>
		<Compiler>
			<Add option="-Wall" />
			<Add option="-fexceptions" />
		</Compiler>
		<Unit filename="Containers/containers.cpp" />
		<Unit filename="Containers/containers.hpp" />
		<Unit filename="DominiosEntidades/dominios.cpp" />
		<Unit filename="DominiosEntidades/dominios.hpp" />
		<Unit filename="DominiosEntidades/entidades.cpp" />
		<Unit filename="DominiosEntidades/entidades.hpp" />
		<Unit filename="Interfaces/interfaces.hpp" />
		<Unit filename="SubSistAutentic/MAutApres.cpp" />
		<Unit filename="SubSistAutentic/MAutApres.hpp" />
		<Unit filename="SubSistAutentic/MAutServ.cpp" />
		<Unit filename="SubSistAutentic/MAutServ.hpp" />
		<Unit filename="SubSistInicializacao/MInit.cpp" />
		<Unit filename="SubSistInicializacao/MInit.hpp" />
		<Unit filename="SubSistRide/MRidApres.cpp" />
		<Unit filename="SubSistRide/MRidApres.hpp" />
		<Unit filename="SubSistRide/MRidServ.cpp" />
		<Unit filename="SubSistRide/MRidServ.hpp" />
		<Unit filename="SubSistUser/MUserApres.cpp" />
		<Unit filename="SubSistUser/MUserApres.hpp" />
		<Unit filename="SubSistUser/MUserServ.cpp" />
		<Unit filename="SubSistUser/MUserServ.hpp" />
		<Unit filename="main.cpp" />
		<Extensions>
			<code_completion />
			<envvars />
			<debugger />
		</Extensions>
	</Project>
</CodeBlocks_project_file>
